# This file is automatically @generated by Wally.
# It is not intended for manual editing.
registry = "test"

[[package]]
name = "4812571/graph"
version = "0.1.1"
dependencies = []

[[package]]
name = "darkp435/voidnetivity"
version = "0.1.0"
dependencies = [
	["graph", "4812571/graph@0.1.1"],
	["promise", "evaera/promise@4.0.0"],
]

[[package]]
name = "evaera/promise"
version = "4.0.0"
dependencies = []

